
Microsoft Visual Studio Solution File, Format Version 12.00
# Visual Studio Version 17
VisualStudioVersion = 17.1.32210.238
MinimumVisualStudioVersion = 10.0.40219.1
Project("{FAE04EC0-301F-11D3-BF4B-00C04F79EFBC}") = "dlg_doga", "dlg_doga\dlg_doga.csproj", "{6C69A0DA-A56E-42EB-B176-2D6689974FE9}"
EndProject
Global
	GlobalSection(SolutionConfigurationPlatforms) = preSolution
		Debug|Any CPU = Debug|Any CPU
		Release|Any CPU = Release|Any CPU
	EndGlobalSection
	GlobalSection(ProjectConfigurationPlatforms) = postSolution
		{6C69A0DA-A56E-42EB-B176-2D6689974FE9}.Debug|Any CPU.ActiveCfg = Debug|Any CPU
		{6C69A0DA-A56E-42EB-B176-2D6689974FE9}.Debug|Any CPU.Build.0 = Debug|Any CPU
		{6C69A0DA-A56E-42EB-B176-2D6689974FE9}.Release|Any CPU.ActiveCfg = Release|Any CPU
		{6C69A0DA-A56E-42EB-B176-2D6689974FE9}.Release|Any CPU.Build.0 = Release|Any CPU
	EndGlobalSection
	GlobalSection(SolutionProperties) = preSolution
		HideSolutionNode = FALSE
	EndGlobalSection
	GlobalSection(ExtensibilityGlobals) = postSolution
		SolutionGuid = {3A40F826-9364-40A9-A9E1-630453FBE550}
	EndGlobalSection
EndGlobal
